version = 1
revision = 3
requires-python = ">=3.14"

[manifest]
requirements = [
    { name = "json5", specifier = "==0.14.0" },
    { name = "ruamel-yaml", specifier = ">=0.19.1" },
    { name = "tomlkit", specifier = "==0.14.0" },
]

[[package]]
name = "json5"
version = "0.14.0"
source = { registry = "https://pypi.org/simple" }
sdist = { url = "https://files.pythonhosted.org/packages/9c/4b/6f8906aaf67d501e259b0adab4d312945bb7211e8b8d4dcc77c92320edaa/json5-0.14.0.tar.gz", hash = "sha256:b3f492fad9f6cdbced8b7d40b28b9b1c9701c5f561bef0d33b81c2ff433fefcb", size = 52656, upload-time = "2026-03-27T22:50:48.108Z" }
wheels = [
    { url = "https://files.pythonhosted.org/packages/b8/42/cf027b4ac873b076189d935b135397675dac80cb29acb13e1ab86ad6c631/json5-0.14.0-py3-none-any.whl", hash = "sha256:56cf861bab076b1178eb8c92e1311d273a9b9acea2ccc82c276abf839ebaef3a", size = 36271, upload-time = "2026-03-27T22:50:47.073Z" },
]

[[package]]
name = "ruamel-yaml"
version = "0.19.1"
source = { registry = "https://pypi.org/simple" }
sdist = { url = "https://files.pythonhosted.org/packages/c7/3b/ebda527b56beb90cb7652cb1c7e4f91f48649fbcd8d2eb2fb6e77cd3329b/ruamel_yaml-0.19.1.tar.gz", hash = "sha256:53eb66cd27849eff968ebf8f0bf61f46cdac2da1d1f3576dd4ccee9b25c31993", size = 142709, upload-time = "2026-01-02T16:50:31.84Z" }
wheels = [
    { url = "https://files.pythonhosted.org/packages/b8/0c/51f6841f1d84f404f92463fc2b1ba0da357ca1e3db6b7fbda26956c3b82a/ruamel_yaml-0.19.1-py3-none-any.whl", hash = "sha256:27592957fedf6e0b62f281e96effd28043345e0e66001f97683aa9a40c667c93", size = 118102, upload-time = "2026-01-02T16:50:29.201Z" },
]

[[package]]
name = "tomlkit"
version = "0.14.0"
source = { registry = "https://pypi.org/simple" }
sdist = { url = "https://files.pythonhosted.org/packages/c3/af/14b24e41977adb296d6bd1fb59402cf7d60ce364f90c890bd2ec65c43b5a/tomlkit-0.14.0.tar.gz", hash = "sha256:cf00efca415dbd57575befb1f6634c4f42d2d87dbba376128adb42c121b87064", size = 187167, upload-time = "2026-01-13T01:14:53.304Z" }
wheels = [
    { url = "https://files.pythonhosted.org/packages/b5/11/87d6d29fb5d237229d67973a6c9e06e048f01cf4994dee194ab0ea841814/tomlkit-0.14.0-py3-none-any.whl", hash = "sha256:592064ed85b40fa213469f81ac584f67a4f2992509a7c3ea2d632208623a3680", size = 39310, upload-time = "2026-01-13T01:14:51.965Z" },
]
